NeoBundleLock YouCompleteMe 5a186275a581b04bbdb7001475d946e30d0f80b4
NeoBundleLock go-explorer 6d8e923e8571d7a9a0c5df01e25d5e0d93079ca7
NeoBundleLock indentLine 300c719b3e0348a65457109386ded3f32f7cd319
NeoBundleLock molokai 6c6677492d6dc21bcd652cbdd07d5f0d84bc3b7a
NeoBundleLock neobundle.vim 1fb9010a1eb22d0e11bd853d4b8280b2fffb43f0
NeoBundleLock nerdtree 0b44415a3302030b56755cc1135ca9ca57dc1ada
NeoBundleLock supertab 9f7da6d4988daf863ebc414f221bb12c2614f59e
NeoBundleLock syntastic 7e26d3589ab414155dff2c362a07e9e8bb970823
NeoBundleLock tagbar 7b36c46d17d57db34fdb0adac9ba6382d0bb5e66
NeoBundleLock ultisnips e1e005a810edc7b1c13b5095fe3ab7ce2600b0cb
NeoBundleLock vim-devicons fec56878c734b608c1fa79952579aa976da2c98b
NeoBundleLock vim-go 8e372df16b17b0356b4c844829154c4103889425
NeoBundleLock vimproc.vim 9b2e4ef895673a9c983a4e4c354cffdb3cae37be
